
Microsoft Visual Studio Solution File, Format Version 11.00
# Visual Studio 2010
Project("{8BC9CEB8-8B4A-11D0-8D11-00A0C91BC942}") = "PhantomBig", "PhantomBig\PhantomBig.vcxproj", "{A844127D-DC67-4959-871A-BB794A65284E}"
EndProject
Global
	GlobalSection(SolutionConfigurationPlatforms) = preSolution
		Debug|Win32 = Debug|Win32
		Release|Win32 = Release|Win32
	EndGlobalSection
	GlobalSection(ProjectConfigurationPlatforms) = postSolution
		{A844127D-DC67-4959-871A-BB794A65284E}.Debug|Win32.ActiveCfg = Debug|Win32
		{A844127D-DC67-4959-871A-BB794A65284E}.Debug|Win32.Build.0 = Debug|Win32
		{A844127D-DC67-4959-871A-BB794A65284E}.Release|Win32.ActiveCfg = Release|Win32
		{A844127D-DC67-4959-871A-BB794A65284E}.Release|Win32.Build.0 = Release|Win32
	EndGlobalSection
	GlobalSection(SolutionProperties) = preSolution
		HideSolutionNode = FALSE
	EndGlobalSection
EndGlobal
